// !$*UTF8*$!
{
	archiveVersion = 1;
	classes = {
	};
	objectVersion = 55;
	objects = {

/* Begin PBXBuildFile section */
		6C0F90BE282D1BBE00EA7330 /* Webview.swift in Sources */ = {isa = PBXBuildFile; fileRef = 6C0F90BD282D1BBE00EA7330 /* Webview.swift */; };
		6C0F90C1282D1D0600EA7330 /* WKWebView+Extensions.swift in Sources */ = {isa = PBXBuildFile; fileRef = 6C0F90C0282D1D0600EA7330 /* WKWebView+Extensions.swift */; };
		6CCF7B7B282CC00B009BC031 /* HackerNewsApp.swift in Sources */ = {isa = PBXBuildFile; fileRef = 6CCF7B7A282CC00B009BC031 /* HackerNewsApp.swift */; };
		6CCF7B7F282CC00C009BC031 /* Assets.xcassets in Resources */ = {isa = PBXBuildFile; fileRef = 6CCF7B7E282CC00C009BC031 /* Assets.xcassets */; };
		6CCF7B82282CC00C009BC031 /* Preview Assets.xcassets in Resources */ = {isa = PBXBuildFile; fileRef = 6CCF7B81282CC00C009BC031 /* Preview Assets.xcassets */; };
		6CCF7B8A282CC024009BC031 /* Webservice.swift in Sources */ = {isa = PBXBuildFile; fileRef = 6CCF7B89282CC024009BC031 /* Webservice.swift */; };
		6CCF7B8D282CC111009BC031 /* StoryListViewModel.swift in Sources */ = {isa = PBXBuildFile; fileRef = 6CCF7B8C282CC111009BC031 /* StoryListViewModel.swift */; };
		6CCF7B90282D0DE5009BC031 /* StoryListView.swift in Sources */ = {isa = PBXBuildFile; fileRef = 6CCF7B8F282D0DE5009BC031 /* StoryListView.swift */; };
		6CCF7B93282D1043009BC031 /* Story.swift in Sources */ = {isa = PBXBuildFile; fileRef = 6CCF7B92282D1043009BC031 /* Story.swift */; };
		6CCF7B95282D11D1009BC031 /* StoryDetailViewModel.swift in Sources */ = {isa = PBXBuildFile; fileRef = 6CCF7B94282D11D1009BC031 /* StoryDetailViewModel.swift */; };
		6CCF7B97282D1494009BC031 /* StoryDetailView.swift in Sources */ = {isa = PBXBuildFile; fileRef = 6CCF7B96282D1494009BC031 /* StoryDetailView.swift */; };
/* End PBXBuildFile section */

/* Begin PBXFileReference section */
		6C0F90BD282D1BBE00EA7330 /* Webview.swift */ = {isa = PBXFileReference; lastKnownFileType = sourcecode.swift; path = Webview.swift; sourceTree = "<group>"; };
		6C0F90C0282D1D0600EA7330 /* WKWebView+Extensions.swift */ = {isa = PBXFileReference; lastKnownFileType = sourcecode.swift; path = "WKWebView+Extensions.swift"; sourceTree = "<group>"; };
		6CCF7B77282CC00B009BC031 /* HackerNews.app */ = {isa = PBXFileReference; explicitFileType = wrapper.application; includeInIndex = 0; path = HackerNews.app; sourceTree = BUILT_PRODUCTS_DIR; };
		6CCF7B7A282CC00B009BC031 /* HackerNewsApp.swift */ = {isa = PBXFileReference; lastKnownFileType = sourcecode.swift; path = HackerNewsApp.swift; sourceTree = "<group>"; };
		6CCF7B7E282CC00C009BC031 /* Assets.xcassets */ = {isa = PBXFileReference; lastKnownFileType = folder.assetcatalog; path = Assets.xcassets; sourceTree = "<group>"; };
		6CCF7B81282CC00C009BC031 /* Preview Assets.xcassets */ = {isa = PBXFileReference; lastKnownFileType = folder.assetcatalog; path = "Preview Assets.xcassets"; sourceTree = "<group>"; };
		6CCF7B89282CC024009BC031 /* Webservice.swift */ = {isa = PBXFileReference; lastKnownFileType = sourcecode.swift; path = Webservice.swift; sourceTree = "<group>"; };
		6CCF7B8C282CC111009BC031 /* StoryListViewModel.swift */ = {isa = PBXFileReference; lastKnownFileType = sourcecode.swift; path = StoryListViewModel.swift; sourceTree = "<group>"; };
		6CCF7B8F282D0DE5009BC031 /* StoryListView.swift */ = {isa = PBXFileReference; lastKnownFileType = sourcecode.swift; path = StoryListView.swift; sourceTree = "<group>"; };
		6CCF7B92282D1043009BC031 /* Story.swift */ = {isa = PBXFileReference; lastKnownFileType = sourcecode.swift; path = Story.swift; sourceTree = "<group>"; };
		6CCF7B94282D11D1009BC031 /* StoryDetailViewModel.swift */ = {isa = PBXFileReference; lastKnownFileType = sourcecode.swift; path = StoryDetailViewModel.swift; sourceTree = "<group>"; };
		6CCF7B96282D1494009BC031 /* StoryDetailView.swift */ = {isa = PBXFileReference; lastKnownFileType = sourcecode.swift; path = StoryDetailView.swift; sourceTree = "<group>"; };
/* End PBXFileReference section */

/* Begin PBXFrameworksBuildPhase section */
		6CCF7B74282CC00B009BC031 /* Frameworks */ = {
			isa = PBXFrameworksBuildPhase;
			buildActionMask = 2147483647;
			files = (
			);
			runOnlyForDeploymentPostprocessing = 0;
		};
/* End PBXFrameworksBuildPhase section */

/* Begin PBXGroup section */
		6C0F90BF282D1CF000EA7330 /* Extensions */ = {
			isa = PBXGroup;
			children = (
				6C0F90C0282D1D0600EA7330 /* WKWebView+Extensions.swift */,
			);
			path = Extensions;
			sourceTree = "<group>";
		};
		6CCF7B6E282CC00B009BC031 = {
			isa = PBXGroup;
			children = (
				6CCF7B79282CC00B009BC031 /* HackerNews */,
				6CCF7B78282CC00B009BC031 /* Products */,
			);
			sourceTree = "<group>";
		};
		6CCF7B78282CC00B009BC031 /* Products */ = {
			isa = PBXGroup;
			children = (
				6CCF7B77282CC00B009BC031 /* HackerNews.app */,
			);
			name = Products;
			sourceTree = "<group>";
		};
		6CCF7B79282CC00B009BC031 /* HackerNews */ = {
			isa = PBXGroup;
			children = (
				6C0F90BF282D1CF000EA7330 /* Extensions */,
				6CCF7B91282D1039009BC031 /* Models */,
				6CCF7B8E282D0DCC009BC031 /* Views */,
				6CCF7B8B282CC0F9009BC031 /* ViewModels */,
				6CCF7B88282CC015009BC031 /* Services */,
				6CCF7B7A282CC00B009BC031 /* HackerNewsApp.swift */,
				6CCF7B7E282CC00C009BC031 /* Assets.xcassets */,
				6CCF7B80282CC00C009BC031 /* Preview Content */,
			);
			path = HackerNews;
			sourceTree = "<group>";
		};
		6CCF7B80282CC00C009BC031 /* Preview Content */ = {
			isa = PBXGroup;
			children = (
				6CCF7B81282CC00C009BC031 /* Preview Assets.xcassets */,
			);
			path = "Preview Content";
			sourceTree = "<group>";
		};
		6CCF7B88282CC015009BC031 /* Services */ = {
			isa = PBXGroup;
			children = (
				6CCF7B89282CC024009BC031 /* Webservice.swift */,
			);
			path = Services;
			sourceTree = "<group>";
		};
		6CCF7B8B282CC0F9009BC031 /* ViewModels */ = {
			isa = PBXGroup;
			children = (
				6CCF7B8C282CC111009BC031 /* StoryListViewModel.swift */,
				6CCF7B94282D11D1009BC031 /* StoryDetailViewModel.swift */,
			);
			path = ViewModels;
			sourceTree = "<group>";
		};
		6CCF7B8E282D0DCC009BC031 /* Views */ = {
			isa = PBXGroup;
			children = (
				6CCF7B8F282D0DE5009BC031 /* StoryListView.swift */,
				6CCF7B96282D1494009BC031 /* StoryDetailView.swift */,
				6C0F90BD282D1BBE00EA7330 /* Webview.swift */,
			);
			path = Views;
			sourceTree = "<group>";
		};
		6CCF7B91282D1039009BC031 /* Models */ = {
			isa = PBXGroup;
			children = (
				6CCF7B92282D1043009BC031 /* Story.swift */,
			);
			path = Models;
			sourceTree = "<group>";
		};
/* End PBXGroup section */

/* Begin PBXNativeTarget section */
		6CCF7B76282CC00B009BC031 /* HackerNews */ = {
			isa = PBXNativeTarget;
			buildConfigurationList = 6CCF7B85282CC00C009BC031 /* Build configuration list for PBXNativeTarget "HackerNews" */;
			buildPhases = (
				6CCF7B73282CC00B009BC031 /* Sources */,
				6CCF7B74282CC00B009BC031 /* Frameworks */,
				6CCF7B75282CC00B009BC031 /* Resources */,
			);
			buildRules = (
			);
			dependencies = (
			);
			name = HackerNews;
			productName = HackerNews;
			productReference = 6CCF7B77282CC00B009BC031 /* HackerNews.app */;
			productType = "com.apple.product-type.application";
		};
/* End PBXNativeTarget section */

/* Begin PBXProject section */
		6CCF7B6F282CC00B009BC031 /* Project object */ = {
			isa = PBXProject;
			attributes = {
				BuildIndependentTargetsInParallel = 1;
				LastSwiftUpdateCheck = 1330;
				LastUpgradeCheck = 1330;
				TargetAttributes = {
					6CCF7B76282CC00B009BC031 = {
						CreatedOnToolsVersion = 13.3.1;
					};
				};
			};
			buildConfigurationList = 6CCF7B72282CC00B009BC031 /* Build configuration list for PBXProject "HackerNews" */;
			compatibilityVersion = "Xcode 13.0";
			developmentRegion = en;
			hasScannedForEncodings = 0;
			knownRegions = (
				en,
				Base,
			);
			mainGroup = 6CCF7B6E282CC00B009BC031;
			productRefGroup = 6CCF7B78282CC00B009BC031 /* Products */;
			projectDirPath = "";
			projectRoot = "";
			targets = (
				6CCF7B76282CC00B009BC031 /* HackerNews */,
			);
		};
/* End PBXProject section */

/* Begin PBXResourcesBuildPhase section */
		6CCF7B75282CC00B009BC031 /* Resources */ = {
			isa = PBXResourcesBuildPhase;
			buildActionMask = 2147483647;
			files = (
				6CCF7B82282CC00C009BC031 /* Preview Assets.xcassets in Resources */,
				6CCF7B7F282CC00C009BC031 /* Assets.xcassets in Resources */,
			);
			runOnlyForDeploymentPostprocessing = 0;
		};
/* End PBXResourcesBuildPhase section */

/* Begin PBXSourcesBuildPhase section */
		6CCF7B73282CC00B009BC031 /* Sources */ = {
			isa = PBXSourcesBuildPhase;
			buildActionMask = 2147483647;
			files = (
				6CCF7B8D282CC111009BC031 /* StoryListViewModel.swift in Sources */,
				6C0F90BE282D1BBE00EA7330 /* Webview.swift in Sources */,
				6C0F90C1282D1D0600EA7330 /* WKWebView+Extensions.swift in Sources */,
				6CCF7B95282D11D1009BC031 /* StoryDetailViewModel.swift in Sources */,
				6CCF7B97282D1494009BC031 /* StoryDetailView.swift in Sources */,
				6CCF7B90282D0DE5009BC031 /* StoryListView.swift in Sources */,
				6CCF7B7B282CC00B009BC031 /* HackerNewsApp.swift in Sources */,
				6CCF7B8A282CC024009BC031 /* Webservice.swift in Sources */,
				6CCF7B93282D1043009BC031 /* Story.swift in Sources */,
			);
			runOnlyForDeploymentPostprocessing = 0;
		};
/* End PBXSourcesBuildPhase section */

/* Begin XCBuildConfiguration section */
		6CCF7B83282CC00C009BC031 /* Debug */ = {
			isa = XCBuildConfiguration;
			buildSettings = {
				ALWAYS_SEARCH_USER_PATHS = NO;
				CLANG_ANALYZER_NONNULL = YES;
				CLANG_ANALYZER_NUMBER_OBJECT_CONVERSION = YES_AGGRESSIVE;
				CLANG_CXX_LANGUAGE_STANDARD = "gnu++17";
				CLANG_ENABLE_MODULES = YES;
				CLANG_ENABLE_OBJC_ARC = YES;
				CLANG_ENABLE_OBJC_WEAK = YES;
				CLANG_WARN_BLOCK_CAPTURE_AUTORELEASING = YES;
				CLANG_WARN_BOOL_CONVERSION = YES;
				CLANG_WARN_COMMA = YES;
				CLANG_WARN_CONSTANT_CONVERSION = YES;
				CLANG_WARN_DEPRECATED_OBJC_IMPLEMENTATIONS = YES;
				CLANG_WARN_DIRECT_OBJC_ISA_USAGE = YES_ERROR;
				CLANG_WARN_DOCUMENTATION_COMMENTS = YES;
				CLANG_WARN_EMPTY_BODY = YES;
				CLANG_WARN_ENUM_CONVERSION = YES;
				CLANG_WARN_INFINITE_RECURSION = YES;
				CLANG_WARN_INT_CONVERSION = YES;
				CLANG_WARN_NON_LITERAL_NULL_CONVERSION = YES;
				CLANG_WARN_OBJC_IMPLICIT_RETAIN_SELF = YES;
				CLANG_WARN_OBJC_LITERAL_CONVERSION = YES;
				CLANG_WARN_OBJC_ROOT_CLASS = YES_ERROR;
				CLANG_WARN_QUOTED_INCLUDE_IN_FRAMEWORK_HEADER = YES;
				CLANG_WARN_RANGE_LOOP_ANALYSIS = YES;
				CLANG_WARN_STRICT_PROTOTYPES = YES;
				CLANG_WARN_SUSPICIOUS_MOVE = YES;
				CLANG_WARN_UNGUARDED_AVAILABILITY = YES_AGGRESSIVE;
				CLANG_WARN_UNREACHABLE_CODE = YES;
				CLANG_WARN__DUPLICATE_METHOD_MATCH = YES;
				COPY_PHASE_STRIP = NO;
				DEBUG_INFORMATION_FORMAT = dwarf;
				ENABLE_STRICT_OBJC_MSGSEND = YES;
				ENABLE_TESTABILITY = YES;
				GCC_C_LANGUAGE_STANDARD = gnu11;
				GCC_DYNAMIC_NO_PIC = NO;
				GCC_NO_COMMON_BLOCKS = YES;
				GCC_OPTIMIZATION_LEVEL = 0;
				GCC_PREPROCESSOR_DEFINITIONS = (
					"DEBUG=1",
					"$(inherited)",
				);
				GCC_WARN_64_TO_32_BIT_CONVERSION = YES;
				GCC_WARN_ABOUT_RETURN_TYPE = YES_ERROR;
				GCC_WARN_UNDECLARED_SELECTOR = YES;
				GCC_WARN_UNINITIALIZED_AUTOS = YES_AGGRESSIVE;
				GCC_WARN_UNUSED_FUNCTION = YES;
				GCC_WARN_UNUSED_VARIABLE = YES;
				IPHONEOS_DEPLOYMENT_TARGET = 15.4;
				MTL_ENABLE_DEBUG_INFO = INCLUDE_SOURCE;
				MTL_FAST_MATH = YES;
				ONLY_ACTIVE_ARCH = YES;
				SDKROOT = iphoneos;
				SWIFT_ACTIVE_COMPILATION_CONDITIONS = DEBUG;
				SWIFT_OPTIMIZATION_LEVEL = "-Onone";
			};
			name = Debug;
		};
		6CCF7B84282CC00C009BC031 /* Release */ = {
			isa = XCBuildConfiguration;
			buildSettings = {
				ALWAYS_SEARCH_USER_PATHS = NO;
				CLANG_ANALYZER_NONNULL = YES;
				CLANG_ANALYZER_NUMBER_OBJECT_CONVERSION = YES_AGGRESSIVE;
				CLANG_CXX_LANGUAGE_STANDARD = "gnu++17";
				CLANG_ENABLE_MODULES = YES;
				CLANG_ENABLE_OBJC_ARC = YES;
				CLANG_ENABLE_OBJC_WEAK = YES;
				CLANG_WARN_BLOCK_CAPTURE_AUTORELEASING = YES;
				CLANG_WARN_BOOL_CONVERSION = YES;
				CLANG_WARN_COMMA = YES;
				CLANG_WARN_CONSTANT_CONVERSION = YES;
				CLANG_WARN_DEPRECATED_OBJC_IMPLEMENTATIONS = YES;
				CLANG_WARN_DIRECT_OBJC_ISA_USAGE = YES_ERROR;
				CLANG_WARN_DOCUMENTATION_COMMENTS = YES;
				CLANG_WARN_EMPTY_BODY = YES;
				CLANG_WARN_ENUM_CONVERSION = YES;
				CLANG_WARN_INFINITE_RECURSION = YES;
				CLANG_WARN_INT_CONVERSION = YES;
				CLANG_WARN_NON_LITERAL_NULL_CONVERSION = YES;
				CLANG_WARN_OBJC_IMPLICIT_RETAIN_SELF = YES;
				CLANG_WARN_OBJC_LITERAL_CONVERSION = YES;
				CLANG_WARN_OBJC_ROOT_CLASS = YES_ERROR;
				CLANG_WARN_QUOTED_INCLUDE_IN_FRAMEWORK_HEADER = YES;
				CLANG_WARN_RANGE_LOOP_ANALYSIS = YES;
				CLANG_WARN_STRICT_PROTOTYPES = YES;
				CLANG_WARN_SUSPICIOUS_MOVE = YES;
				CLANG_WARN_UNGUARDED_AVAILABILITY = YES_AGGRESSIVE;
				CLANG_WARN_UNREACHABLE_CODE = YES;
				CLANG_WARN__DUPLICATE_METHOD_MATCH = YES;
				COPY_PHASE_STRIP = NO;
				DEBUG_INFORMATION_FORMAT = "dwarf-with-dsym";
				ENABLE_NS_ASSERTIONS = NO;
				ENABLE_STRICT_OBJC_MSGSEND = YES;
				GCC_C_LANGUAGE_STANDARD = gnu11;
				GCC_NO_COMMON_BLOCKS = YES;
				GCC_WARN_64_TO_32_BIT_CONVERSION = YES;
				GCC_WARN_ABOUT_RETURN_TYPE = YES_ERROR;
				GCC_WARN_UNDECLARED_SELECTOR = YES;
				GCC_WARN_UNINITIALIZED_AUTOS = YES_AGGRESSIVE;
				GCC_WARN_UNUSED_FUNCTION = YES;
				GCC_WARN_UNUSED_VARIABLE = YES;
				IPHONEOS_DEPLOYMENT_TARGET = 15.4;
				MTL_ENABLE_DEBUG_INFO = NO;
				MTL_FAST_MATH = YES;
				SDKROOT = iphoneos;
				SWIFT_COMPILATION_MODE = wholemodule;
				SWIFT_OPTIMIZATION_LEVEL = "-O";
				VALIDATE_PRODUCT = YES;
			};
			name = Release;
		};
		6CCF7B86282CC00C009BC031 /* Debug */ = {
			isa = XCBuildConfiguration;
			buildSettings = {
				ASSETCATALOG_COMPILER_APPICON_NAME = AppIcon;
				ASSETCATALOG_COMPILER_GLOBAL_ACCENT_COLOR_NAME = AccentColor;
				CODE_SIGN_STYLE = Automatic;
				CURRENT_PROJECT_VERSION = 1;
				DEVELOPMENT_ASSET_PATHS = "\"HackerNews/Preview Content\"";
				ENABLE_PREVIEWS = YES;
				GENERATE_INFOPLIST_FILE = YES;
				INFOPLIST_KEY_UIApplicationSceneManifest_Generation = YES;
				INFOPLIST_KEY_UIApplicationSupportsIndirectInputEvents = YES;
				INFOPLIST_KEY_UILaunchScreen_Generation = YES;
				INFOPLIST_KEY_UISupportedInterfaceOrientations_iPad = "UIInterfaceOrientationPortrait UIInterfaceOrientationPortraitUpsideDown UIInterfaceOrientationLandscapeLeft UIInterfaceOrientationLandscapeRight";
				INFOPLIST_KEY_UISupportedInterfaceOrientations_iPhone = "UIInterfaceOrientationPortrait UIInterfaceOrientationLandscapeLeft UIInterfaceOrientationLandscapeRight";
				LD_RUNPATH_SEARCH_PATHS = (
					"$(inherited)",
					"@executable_path/Frameworks",
				);
				MARKETING_VERSION = 1.0;
				PRODUCT_BUNDLE_IDENTIFIER = app.shrimpstudio.HackerNews;
				PRODUCT_NAME = "$(TARGET_NAME)";
				SWIFT_EMIT_LOC_STRINGS = YES;
				SWIFT_VERSION = 5.0;
				TARGETED_DEVICE_FAMILY = "1,2";
			};
			name = Debug;
		};
		6CCF7B87282CC00C009BC031 /* Release */ = {
			isa = XCBuildConfiguration;
			buildSettings = {
				ASSETCATALOG_COMPILER_APPICON_NAME = AppIcon;
				ASSETCATALOG_COMPILER_GLOBAL_ACCENT_COLOR_NAME = AccentColor;
				CODE_SIGN_STYLE = Automatic;
				CURRENT_PROJECT_VERSION = 1;
				DEVELOPMENT_ASSET_PATHS = "\"HackerNews/Preview Content\"";
				ENABLE_PREVIEWS = YES;
				GENERATE_INFOPLIST_FILE = YES;
				INFOPLIST_KEY_UIApplicationSceneManifest_Generation = YES;
				INFOPLIST_KEY_UIApplicationSupportsIndirectInputEvents = YES;
				INFOPLIST_KEY_UILaunchScreen_Generation = YES;
				INFOPLIST_KEY_UISupportedInterfaceOrientations_iPad = "UIInterfaceOrientationPortrait UIInterfaceOrientationPortraitUpsideDown UIInterfaceOrientationLandscapeLeft UIInterfaceOrientationLandscapeRight";
				INFOPLIST_KEY_UISupportedInterfaceOrientations_iPhone = "UIInterfaceOrientationPortrait UIInterfaceOrientationLandscapeLeft UIInterfaceOrientationLandscapeRight";
				LD_RUNPATH_SEARCH_PATHS = (
					"$(inherited)",
					"@executable_path/Frameworks",
				);
				MARKETING_VERSION = 1.0;
				PRODUCT_BUNDLE_IDENTIFIER = app.shrimpstudio.HackerNews;
				PRODUCT_NAME = "$(TARGET_NAME)";
				SWIFT_EMIT_LOC_STRINGS = YES;
				SWIFT_VERSION = 5.0;
				TARGETED_DEVICE_FAMILY = "1,2";
			};
			name = Release;
		};
/* End XCBuildConfiguration section */

/* Begin XCConfigurationList section */
		6CCF7B72282CC00B009BC031 /* Build configuration list for PBXProject "HackerNews" */ = {
			isa = XCConfigurationList;
			buildConfigurations = (
				6CCF7B83282CC00C009BC031 /* Debug */,
				6CCF7B84282CC00C009BC031 /* Release */,
			);
			defaultConfigurationIsVisible = 0;
			defaultConfigurationName = Release;
		};
		6CCF7B85282CC00C009BC031 /* Build configuration list for PBXNativeTarget "HackerNews" */ = {
			isa = XCConfigurationList;
			buildConfigurations = (
				6CCF7B86282CC00C009BC031 /* Debug */,
				6CCF7B87282CC00C009BC031 /* Release */,
			);
			defaultConfigurationIsVisible = 0;
			defaultConfigurationName = Release;
		};
/* End XCConfigurationList section */
	};
	rootObject = 6CCF7B6F282CC00B009BC031 /* Project object */;
}
